
Microsoft Visual Studio Solution File, Format Version 12.00
# Visual Studio 14
VisualStudioVersion = 14.0.25420.1
MinimumVisualStudioVersion = 10.0.40219.1
Project("{FAE04EC0-301F-11D3-BF4B-00C04F79EFBC}") = "Find_First_And_Last_Ocurrence_Arr", "Find_First_And_Last_Ocurrence_Arr\Find_First_And_Last_Ocurrence_Arr.csproj", "{B769A26B-25B0-4ABF-96F5-73D32AE48334}"
EndProject
Global
	GlobalSection(SolutionConfigurationPlatforms) = preSolution
		Debug|Any CPU = Debug|Any CPU
		Release|Any CPU = Release|Any CPU
	EndGlobalSection
	GlobalSection(ProjectConfigurationPlatforms) = postSolution
		{B769A26B-25B0-4ABF-96F5-73D32AE48334}.Debug|Any CPU.ActiveCfg = Debug|Any CPU
		{B769A26B-25B0-4ABF-96F5-73D32AE48334}.Debug|Any CPU.Build.0 = Debug|Any CPU
		{B769A26B-25B0-4ABF-96F5-73D32AE48334}.Release|Any CPU.ActiveCfg = Release|Any CPU
		{B769A26B-25B0-4ABF-96F5-73D32AE48334}.Release|Any CPU.Build.0 = Release|Any CPU
	EndGlobalSection
	GlobalSection(SolutionProperties) = preSolution
		HideSolutionNode = FALSE
	EndGlobalSection
EndGlobal
